
Microsoft Visual Studio Solution File, Format Version 12.00
# Visual Studio Version 17
VisualStudioVersion = 17.4.33205.214
MinimumVisualStudioVersion = 10.0.40219.1
Project("{FAE04EC0-301F-11D3-BF4B-00C04F79EFBC}") = "WpfApp_GestioneAzienda", "WpfApp_GestioneAzienda\WpfApp_GestioneAzienda.csproj", "{086A5800-8C34-44EA-8111-33E4CC4BA5D7}"
EndProject
Project("{D954291E-2A0B-460D-934E-DC6B0785DB48}") = "SharedProject_Azienda", "SharedProject_Azienda\SharedProject_Azienda.shproj", "{D674ED8C-D390-4A23-B553-9B10A0ECF02E}"
EndProject
Global
	GlobalSection(SolutionConfigurationPlatforms) = preSolution
		Debug|Any CPU = Debug|Any CPU
		Release|Any CPU = Release|Any CPU
	EndGlobalSection
	GlobalSection(ProjectConfigurationPlatforms) = postSolution
		{086A5800-8C34-44EA-8111-33E4CC4BA5D7}.Debug|Any CPU.ActiveCfg = Debug|Any CPU
		{086A5800-8C34-44EA-8111-33E4CC4BA5D7}.Debug|Any CPU.Build.0 = Debug|Any CPU
		{086A5800-8C34-44EA-8111-33E4CC4BA5D7}.Release|Any CPU.ActiveCfg = Release|Any CPU
		{086A5800-8C34-44EA-8111-33E4CC4BA5D7}.Release|Any CPU.Build.0 = Release|Any CPU
	EndGlobalSection
	GlobalSection(SolutionProperties) = preSolution
		HideSolutionNode = FALSE
	EndGlobalSection
	GlobalSection(ExtensibilityGlobals) = postSolution
		SolutionGuid = {B37D0EFB-628E-41D3-9DFA-3A9EA7B4D845}
	EndGlobalSection
	GlobalSection(SharedMSBuildProjectFiles) = preSolution
		SharedProject_Azienda\SharedProject_Azienda.projitems*{086a5800-8c34-44ea-8111-33e4cc4ba5d7}*SharedItemsImports = 4
		SharedProject_Azienda\SharedProject_Azienda.projitems*{d674ed8c-d390-4a23-b553-9b10a0ecf02e}*SharedItemsImports = 13
	EndGlobalSection
EndGlobal
